// !$*UTF8*$!
{
	archiveVersion = 1;
	classes = {
	};
	objectVersion = 54;
	objects = {

/* Begin PBXBuildFile section */
		44E775F92753BC1000AF2073 /* AppDelegate.swift in Sources */ = {isa = PBXBuildFile; fileRef = 44E775F82753BC1000AF2073 /* AppDelegate.swift */; };
		44E775FB2753BC1000AF2073 /* SceneDelegate.swift in Sources */ = {isa = PBXBuildFile; fileRef = 44E775FA2753BC1000AF2073 /* SceneDelegate.swift */; };
		44E775FD2753BC1000AF2073 /* PhotosViewController.swift in Sources */ = {isa = PBXBuildFile; fileRef = 44E775FC2753BC1000AF2073 /* PhotosViewController.swift */; };
		44E776002753BC1000AF2073 /* Main.storyboard in Resources */ = {isa = PBXBuildFile; fileRef = 44E775FE2753BC1000AF2073 /* Main.storyboard */; };
		44E776022753BC1200AF2073 /* Assets.xcassets in Resources */ = {isa = PBXBuildFile; fileRef = 44E776012753BC1200AF2073 /* Assets.xcassets */; };
		44E776052753BC1200AF2073 /* LaunchScreen.storyboard in Resources */ = {isa = PBXBuildFile; fileRef = 44E776032753BC1200AF2073 /* LaunchScreen.storyboard */; };
		44E776102753BC1200AF2073 /* PhotoramaTests.swift in Sources */ = {isa = PBXBuildFile; fileRef = 44E7760F2753BC1200AF2073 /* PhotoramaTests.swift */; };
		44E7761A2753BC1200AF2073 /* PhotoramaUITests.swift in Sources */ = {isa = PBXBuildFile; fileRef = 44E776192753BC1200AF2073 /* PhotoramaUITests.swift */; };
		44E7761C2753BC1200AF2073 /* PhotoramaUITestsLaunchTests.swift in Sources */ = {isa = PBXBuildFile; fileRef = 44E7761B2753BC1200AF2073 /* PhotoramaUITestsLaunchTests.swift */; };
		44E776292753C80100AF2073 /* FlickrAPI.swift in Sources */ = {isa = PBXBuildFile; fileRef = 44E776282753C80100AF2073 /* FlickrAPI.swift */; };
		44E7762B2753CB7400AF2073 /* PhotoStore.swift in Sources */ = {isa = PBXBuildFile; fileRef = 44E7762A2753CB7400AF2073 /* PhotoStore.swift */; };
		44E7762D2753D09300AF2073 /* Photo.swift in Sources */ = {isa = PBXBuildFile; fileRef = 44E7762C2753D09200AF2073 /* Photo.swift */; };
/* End PBXBuildFile section */

/* Begin PBXContainerItemProxy section */
		44E7760C2753BC1200AF2073 /* PBXContainerItemProxy */ = {
			isa = PBXContainerItemProxy;
			containerPortal = 44E775ED2753BC1000AF2073 /* Project object */;
			proxyType = 1;
			remoteGlobalIDString = 44E775F42753BC1000AF2073;
			remoteInfo = Photorama;
		};
		44E776162753BC1200AF2073 /* PBXContainerItemProxy */ = {
			isa = PBXContainerItemProxy;
			containerPortal = 44E775ED2753BC1000AF2073 /* Project object */;
			proxyType = 1;
			remoteGlobalIDString = 44E775F42753BC1000AF2073;
			remoteInfo = Photorama;
		};
/* End PBXContainerItemProxy section */

/* Begin PBXFileReference section */
		44E775F52753BC1000AF2073 /* Photorama.app */ = {isa = PBXFileReference; explicitFileType = wrapper.application; includeInIndex = 0; path = Photorama.app; sourceTree = BUILT_PRODUCTS_DIR; };
		44E775F82753BC1000AF2073 /* AppDelegate.swift */ = {isa = PBXFileReference; lastKnownFileType = sourcecode.swift; path = AppDelegate.swift; sourceTree = "<group>"; };
		44E775FA2753BC1000AF2073 /* SceneDelegate.swift */ = {isa = PBXFileReference; lastKnownFileType = sourcecode.swift; path = SceneDelegate.swift; sourceTree = "<group>"; };
		44E775FC2753BC1000AF2073 /* PhotosViewController.swift */ = {isa = PBXFileReference; lastKnownFileType = sourcecode.swift; path = PhotosViewController.swift; sourceTree = "<group>"; };
		44E775FF2753BC1000AF2073 /* Base */ = {isa = PBXFileReference; lastKnownFileType = file.storyboard; name = Base; path = Base.lproj/Main.storyboard; sourceTree = "<group>"; };
		44E776012753BC1200AF2073 /* Assets.xcassets */ = {isa = PBXFileReference; lastKnownFileType = folder.assetcatalog; path = Assets.xcassets; sourceTree = "<group>"; };
		44E776042753BC1200AF2073 /* Base */ = {isa = PBXFileReference; lastKnownFileType = file.storyboard; name = Base; path = Base.lproj/LaunchScreen.storyboard; sourceTree = "<group>"; };
		44E776062753BC1200AF2073 /* Info.plist */ = {isa = PBXFileReference; lastKnownFileType = text.plist.xml; path = Info.plist; sourceTree = "<group>"; };
		44E7760B2753BC1200AF2073 /* PhotoramaTests.xctest */ = {isa = PBXFileReference; explicitFileType = wrapper.cfbundle; includeInIndex = 0; path = PhotoramaTests.xctest; sourceTree = BUILT_PRODUCTS_DIR; };
		44E7760F2753BC1200AF2073 /* PhotoramaTests.swift */ = {isa = PBXFileReference; lastKnownFileType = sourcecode.swift; path = PhotoramaTests.swift; sourceTree = "<group>"; };
		44E776152753BC1200AF2073 /* PhotoramaUITests.xctest */ = {isa = PBXFileReference; explicitFileType = wrapper.cfbundle; includeInIndex = 0; path = PhotoramaUITests.xctest; sourceTree = BUILT_PRODUCTS_DIR; };
		44E776192753BC1200AF2073 /* PhotoramaUITests.swift */ = {isa = PBXFileReference; lastKnownFileType = sourcecode.swift; path = PhotoramaUITests.swift; sourceTree = "<group>"; };
		44E7761B2753BC1200AF2073 /* PhotoramaUITestsLaunchTests.swift */ = {isa = PBXFileReference; lastKnownFileType = sourcecode.swift; path = PhotoramaUITestsLaunchTests.swift; sourceTree = "<group>"; };
		44E776282753C80100AF2073 /* FlickrAPI.swift */ = {isa = PBXFileReference; lastKnownFileType = sourcecode.swift; path = FlickrAPI.swift; sourceTree = "<group>"; };
		44E7762A2753CB7400AF2073 /* PhotoStore.swift */ = {isa = PBXFileReference; lastKnownFileType = sourcecode.swift; path = PhotoStore.swift; sourceTree = "<group>"; };
		44E7762C2753D09200AF2073 /* Photo.swift */ = {isa = PBXFileReference; lastKnownFileType = sourcecode.swift; path = Photo.swift; sourceTree = "<group>"; };
/* End PBXFileReference section */

/* Begin PBXFrameworksBuildPhase section */
		44E775F22753BC1000AF2073 /* Frameworks */ = {
			isa = PBXFrameworksBuildPhase;
			buildActionMask = 2147483647;
			files = (
			);
			runOnlyForDeploymentPostprocessing = 0;
		};
		44E776082753BC1200AF2073 /* Frameworks */ = {
			isa = PBXFrameworksBuildPhase;
			buildActionMask = 2147483647;
			files = (
			);
			runOnlyForDeploymentPostprocessing = 0;
		};
		44E776122753BC1200AF2073 /* Frameworks */ = {
			isa = PBXFrameworksBuildPhase;
			buildActionMask = 2147483647;
			files = (
			);
			runOnlyForDeploymentPostprocessing = 0;
		};
/* End PBXFrameworksBuildPhase section */

/* Begin PBXGroup section */
		44E775EC2753BC1000AF2073 = {
			isa = PBXGroup;
			children = (
				44E775F72753BC1000AF2073 /* Photorama */,
				44E7760E2753BC1200AF2073 /* PhotoramaTests */,
				44E776182753BC1200AF2073 /* PhotoramaUITests */,
				44E775F62753BC1000AF2073 /* Products */,
			);
			sourceTree = "<group>";
		};
		44E775F62753BC1000AF2073 /* Products */ = {
			isa = PBXGroup;
			children = (
				44E775F52753BC1000AF2073 /* Photorama.app */,
				44E7760B2753BC1200AF2073 /* PhotoramaTests.xctest */,
				44E776152753BC1200AF2073 /* PhotoramaUITests.xctest */,
			);
			name = Products;
			sourceTree = "<group>";
		};
		44E775F72753BC1000AF2073 /* Photorama */ = {
			isa = PBXGroup;
			children = (
				44E775F82753BC1000AF2073 /* AppDelegate.swift */,
				44E775FA2753BC1000AF2073 /* SceneDelegate.swift */,
				44E775FC2753BC1000AF2073 /* PhotosViewController.swift */,
				44E775FE2753BC1000AF2073 /* Main.storyboard */,
				44E776012753BC1200AF2073 /* Assets.xcassets */,
				44E776032753BC1200AF2073 /* LaunchScreen.storyboard */,
				44E776062753BC1200AF2073 /* Info.plist */,
				44E776282753C80100AF2073 /* FlickrAPI.swift */,
				44E7762A2753CB7400AF2073 /* PhotoStore.swift */,
				44E7762C2753D09200AF2073 /* Photo.swift */,
			);
			path = Photorama;
			sourceTree = "<group>";
		};
		44E7760E2753BC1200AF2073 /* PhotoramaTests */ = {
			isa = PBXGroup;
			children = (
				44E7760F2753BC1200AF2073 /* PhotoramaTests.swift */,
			);
			path = PhotoramaTests;
			sourceTree = "<group>";
		};
		44E776182753BC1200AF2073 /* PhotoramaUITests */ = {
			isa = PBXGroup;
			children = (
				44E776192753BC1200AF2073 /* PhotoramaUITests.swift */,
				44E7761B2753BC1200AF2073 /* PhotoramaUITestsLaunchTests.swift */,
			);
			path = PhotoramaUITests;
			sourceTree = "<group>";
		};
/* End PBXGroup section */

/* Begin PBXNativeTarget section */
		44E775F42753BC1000AF2073 /* Photorama */ = {
			isa = PBXNativeTarget;
			buildConfigurationList = 44E7761F2753BC1200AF2073 /* Build configuration list for PBXNativeTarget "Photorama" */;
			buildPhases = (
				44E775F12753BC1000AF2073 /* Sources */,
				44E775F22753BC1000AF2073 /* Frameworks */,
				44E775F32753BC1000AF2073 /* Resources */,
			);
			buildRules = (
			);
			dependencies = (
			);
			name = Photorama;
			productName = Photorama;
			productReference = 44E775F52753BC1000AF2073 /* Photorama.app */;
			productType = "com.apple.product-type.application";
		};
		44E7760A2753BC1200AF2073 /* PhotoramaTests */ = {
			isa = PBXNativeTarget;
			buildConfigurationList = 44E776222753BC1200AF2073 /* Build configuration list for PBXNativeTarget "PhotoramaTests" */;
			buildPhases = (
				44E776072753BC1200AF2073 /* Sources */,
				44E776082753BC1200AF2073 /* Frameworks */,
				44E776092753BC1200AF2073 /* Resources */,
			);
			buildRules = (
			);
			dependencies = (
				44E7760D2753BC1200AF2073 /* PBXTargetDependency */,
			);
			name = PhotoramaTests;
			productName = PhotoramaTests;
			productReference = 44E7760B2753BC1200AF2073 /* PhotoramaTests.xctest */;
			productType = "com.apple.product-type.bundle.unit-test";
		};
		44E776142753BC1200AF2073 /* PhotoramaUITests */ = {
			isa = PBXNativeTarget;
			buildConfigurationList = 44E776252753BC1200AF2073 /* Build configuration list for PBXNativeTarget "PhotoramaUITests" */;
			buildPhases = (
				44E776112753BC1200AF2073 /* Sources */,
				44E776122753BC1200AF2073 /* Frameworks */,
				44E776132753BC1200AF2073 /* Resources */,
			);
			buildRules = (
			);
			dependencies = (
				44E776172753BC1200AF2073 /* PBXTargetDependency */,
			);
			name = PhotoramaUITests;
			productName = PhotoramaUITests;
			productReference = 44E776152753BC1200AF2073 /* PhotoramaUITests.xctest */;
			productType = "com.apple.product-type.bundle.ui-testing";
		};
/* End PBXNativeTarget section */

/* Begin PBXProject section */
		44E775ED2753BC1000AF2073 /* Project object */ = {
			isa = PBXProject;
			attributes = {
				BuildIndependentTargetsInParallel = 1;
				LastSwiftUpdateCheck = 1310;
				LastUpgradeCheck = 1310;
				TargetAttributes = {
					44E775F42753BC1000AF2073 = {
						CreatedOnToolsVersion = 13.1;
					};
					44E7760A2753BC1200AF2073 = {
						CreatedOnToolsVersion = 13.1;
						TestTargetID = 44E775F42753BC1000AF2073;
					};
					44E776142753BC1200AF2073 = {
						CreatedOnToolsVersion = 13.1;
						TestTargetID = 44E775F42753BC1000AF2073;
					};
				};
			};
			buildConfigurationList = 44E775F02753BC1000AF2073 /* Build configuration list for PBXProject "Photorama" */;
			compatibilityVersion = "Xcode 12.0";
			developmentRegion = en;
			hasScannedForEncodings = 0;
			knownRegions = (
				en,
				Base,
			);
			mainGroup = 44E775EC2753BC1000AF2073;
			productRefGroup = 44E775F62753BC1000AF2073 /* Products */;
			projectDirPath = "";
			projectRoot = "";
			targets = (
				44E775F42753BC1000AF2073 /* Photorama */,
				44E7760A2753BC1200AF2073 /* PhotoramaTests */,
				44E776142753BC1200AF2073 /* PhotoramaUITests */,
			);
		};
/* End PBXProject section */

/* Begin PBXResourcesBuildPhase section */
		44E775F32753BC1000AF2073 /* Resources */ = {
			isa = PBXResourcesBuildPhase;
			buildActionMask = 2147483647;
			files = (
				44E776052753BC1200AF2073 /* LaunchScreen.storyboard in Resources */,
				44E776022753BC1200AF2073 /* Assets.xcassets in Resources */,
				44E776002753BC1000AF2073 /* Main.storyboard in Resources */,
			);
			runOnlyForDeploymentPostprocessing = 0;
		};
		44E776092753BC1200AF2073 /* Resources */ = {
			isa = PBXResourcesBuildPhase;
			buildActionMask = 2147483647;
			files = (
			);
			runOnlyForDeploymentPostprocessing = 0;
		};
		44E776132753BC1200AF2073 /* Resources */ = {
			isa = PBXResourcesBuildPhase;
			buildActionMask = 2147483647;
			files = (
			);
			runOnlyForDeploymentPostprocessing = 0;
		};
/* End PBXResourcesBuildPhase section */

/* Begin PBXSourcesBuildPhase section */
		44E775F12753BC1000AF2073 /* Sources */ = {
			isa = PBXSourcesBuildPhase;
			buildActionMask = 2147483647;
			files = (
				44E7762D2753D09300AF2073 /* Photo.swift in Sources */,
				44E7762B2753CB7400AF2073 /* PhotoStore.swift in Sources */,
				44E775FD2753BC1000AF2073 /* PhotosViewController.swift in Sources */,
				44E775F92753BC1000AF2073 /* AppDelegate.swift in Sources */,
				44E775FB2753BC1000AF2073 /* SceneDelegate.swift in Sources */,
				44E776292753C80100AF2073 /* FlickrAPI.swift in Sources */,
			);
			runOnlyForDeploymentPostprocessing = 0;
		};
		44E776072753BC1200AF2073 /* Sources */ = {
			isa = PBXSourcesBuildPhase;
			buildActionMask = 2147483647;
			files = (
				44E776102753BC1200AF2073 /* PhotoramaTests.swift in Sources */,
			);
			runOnlyForDeploymentPostprocessing = 0;
		};
		44E776112753BC1200AF2073 /* Sources */ = {
			isa = PBXSourcesBuildPhase;
			buildActionMask = 2147483647;
			files = (
				44E7761C2753BC1200AF2073 /* PhotoramaUITestsLaunchTests.swift in Sources */,
				44E7761A2753BC1200AF2073 /* PhotoramaUITests.swift in Sources */,
			);
			runOnlyForDeploymentPostprocessing = 0;
		};
/* End PBXSourcesBuildPhase section */

/* Begin PBXTargetDependency section */
		44E7760D2753BC1200AF2073 /* PBXTargetDependency */ = {
			isa = PBXTargetDependency;
			target = 44E775F42753BC1000AF2073 /* Photorama */;
			targetProxy = 44E7760C2753BC1200AF2073 /* PBXContainerItemProxy */;
		};
		44E776172753BC1200AF2073 /* PBXTargetDependency */ = {
			isa = PBXTargetDependency;
			target = 44E775F42753BC1000AF2073 /* Photorama */;
			targetProxy = 44E776162753BC1200AF2073 /* PBXContainerItemProxy */;
		};
/* End PBXTargetDependency section */

/* Begin PBXVariantGroup section */
		44E775FE2753BC1000AF2073 /* Main.storyboard */ = {
			isa = PBXVariantGroup;
			children = (
				44E775FF2753BC1000AF2073 /* Base */,
			);
			name = Main.storyboard;
			sourceTree = "<group>";
		};
		44E776032753BC1200AF2073 /* LaunchScreen.storyboard */ = {
			isa = PBXVariantGroup;
			children = (
				44E776042753BC1200AF2073 /* Base */,
			);
			name = LaunchScreen.storyboard;
			sourceTree = "<group>";
		};
/* End PBXVariantGroup section */

/* Begin XCBuildConfiguration section */
		44E7761D2753BC1200AF2073 /* Debug */ = {
			isa = XCBuildConfiguration;
			buildSettings = {
				ALWAYS_SEARCH_USER_PATHS = NO;
				CLANG_ANALYZER_NONNULL = YES;
				CLANG_ANALYZER_NUMBER_OBJECT_CONVERSION = YES_AGGRESSIVE;
				CLANG_CXX_LANGUAGE_STANDARD = "gnu++17";
				CLANG_CXX_LIBRARY = "libc++";
				CLANG_ENABLE_MODULES = YES;
				CLANG_ENABLE_OBJC_ARC = YES;
				CLANG_ENABLE_OBJC_WEAK = YES;
				CLANG_WARN_BLOCK_CAPTURE_AUTORELEASING = YES;
				CLANG_WARN_BOOL_CONVERSION = YES;
				CLANG_WARN_COMMA = YES;
				CLANG_WARN_CONSTANT_CONVERSION = YES;
				CLANG_WARN_DEPRECATED_OBJC_IMPLEMENTATIONS = YES;
				CLANG_WARN_DIRECT_OBJC_ISA_USAGE = YES_ERROR;
				CLANG_WARN_DOCUMENTATION_COMMENTS = YES;
				CLANG_WARN_EMPTY_BODY = YES;
				CLANG_WARN_ENUM_CONVERSION = YES;
				CLANG_WARN_INFINITE_RECURSION = YES;
				CLANG_WARN_INT_CONVERSION = YES;
				CLANG_WARN_NON_LITERAL_NULL_CONVERSION = YES;
				CLANG_WARN_OBJC_IMPLICIT_RETAIN_SELF = YES;
				CLANG_WARN_OBJC_LITERAL_CONVERSION = YES;
				CLANG_WARN_OBJC_ROOT_CLASS = YES_ERROR;
				CLANG_WARN_QUOTED_INCLUDE_IN_FRAMEWORK_HEADER = YES;
				CLANG_WARN_RANGE_LOOP_ANALYSIS = YES;
				CLANG_WARN_STRICT_PROTOTYPES = YES;
				CLANG_WARN_SUSPICIOUS_MOVE = YES;
				CLANG_WARN_UNGUARDED_AVAILABILITY = YES_AGGRESSIVE;
				CLANG_WARN_UNREACHABLE_CODE = YES;
				CLANG_WARN__DUPLICATE_METHOD_MATCH = YES;
				COPY_PHASE_STRIP = NO;
				DEBUG_INFORMATION_FORMAT = dwarf;
				ENABLE_STRICT_OBJC_MSGSEND = YES;
				ENABLE_TESTABILITY = YES;
				GCC_C_LANGUAGE_STANDARD = gnu11;
				GCC_DYNAMIC_NO_PIC = NO;
				GCC_NO_COMMON_BLOCKS = YES;
				GCC_OPTIMIZATION_LEVEL = 0;
				GCC_PREPROCESSOR_DEFINITIONS = (
					"DEBUG=1",
					"$(inherited)",
				);
				GCC_WARN_64_TO_32_BIT_CONVERSION = YES;
				GCC_WARN_ABOUT_RETURN_TYPE = YES_ERROR;
				GCC_WARN_UNDECLARED_SELECTOR = YES;
				GCC_WARN_UNINITIALIZED_AUTOS = YES_AGGRESSIVE;
				GCC_WARN_UNUSED_FUNCTION = YES;
				GCC_WARN_UNUSED_VARIABLE = YES;
				IPHONEOS_DEPLOYMENT_TARGET = 15.0;
				MTL_ENABLE_DEBUG_INFO = INCLUDE_SOURCE;
				MTL_FAST_MATH = YES;
				ONLY_ACTIVE_ARCH = YES;
				SDKROOT = iphoneos;
				SWIFT_ACTIVE_COMPILATION_CONDITIONS = DEBUG;
				SWIFT_OPTIMIZATION_LEVEL = "-Onone";
			};
			name = Debug;
		};
		44E7761E2753BC1200AF2073 /* Release */ = {
			isa = XCBuildConfiguration;
			buildSettings = {
				ALWAYS_SEARCH_USER_PATHS = NO;
				CLANG_ANALYZER_NONNULL = YES;
				CLANG_ANALYZER_NUMBER_OBJECT_CONVERSION = YES_AGGRESSIVE;
				CLANG_CXX_LANGUAGE_STANDARD = "gnu++17";
				CLANG_CXX_LIBRARY = "libc++";
				CLANG_ENABLE_MODULES = YES;
				CLANG_ENABLE_OBJC_ARC = YES;
				CLANG_ENABLE_OBJC_WEAK = YES;
				CLANG_WARN_BLOCK_CAPTURE_AUTORELEASING = YES;
				CLANG_WARN_BOOL_CONVERSION = YES;
				CLANG_WARN_COMMA = YES;
				CLANG_WARN_CONSTANT_CONVERSION = YES;
				CLANG_WARN_DEPRECATED_OBJC_IMPLEMENTATIONS = YES;
				CLANG_WARN_DIRECT_OBJC_ISA_USAGE = YES_ERROR;
				CLANG_WARN_DOCUMENTATION_COMMENTS = YES;
				CLANG_WARN_EMPTY_BODY = YES;
				CLANG_WARN_ENUM_CONVERSION = YES;
				CLANG_WARN_INFINITE_RECURSION = YES;
				CLANG_WARN_INT_CONVERSION = YES;
				CLANG_WARN_NON_LITERAL_NULL_CONVERSION = YES;
				CLANG_WARN_OBJC_IMPLICIT_RETAIN_SELF = YES;
				CLANG_WARN_OBJC_LITERAL_CONVERSION = YES;
				CLANG_WARN_OBJC_ROOT_CLASS = YES_ERROR;
				CLANG_WARN_QUOTED_INCLUDE_IN_FRAMEWORK_HEADER = YES;
				CLANG_WARN_RANGE_LOOP_ANALYSIS = YES;
				CLANG_WARN_STRICT_PROTOTYPES = YES;
				CLANG_WARN_SUSPICIOUS_MOVE = YES;
				CLANG_WARN_UNGUARDED_AVAILABILITY = YES_AGGRESSIVE;
				CLANG_WARN_UNREACHABLE_CODE = YES;
				CLANG_WARN__DUPLICATE_METHOD_MATCH = YES;
				COPY_PHASE_STRIP = NO;
				DEBUG_INFORMATION_FORMAT = "dwarf-with-dsym";
				ENABLE_NS_ASSERTIONS = NO;
				ENABLE_STRICT_OBJC_MSGSEND = YES;
				GCC_C_LANGUAGE_STANDARD = gnu11;
				GCC_NO_COMMON_BLOCKS = YES;
				GCC_WARN_64_TO_32_BIT_CONVERSION = YES;
				GCC_WARN_ABOUT_RETURN_TYPE = YES_ERROR;
				GCC_WARN_UNDECLARED_SELECTOR = YES;
				GCC_WARN_UNINITIALIZED_AUTOS = YES_AGGRESSIVE;
				GCC_WARN_UNUSED_FUNCTION = YES;
				GCC_WARN_UNUSED_VARIABLE = YES;
				IPHONEOS_DEPLOYMENT_TARGET = 15.0;
				MTL_ENABLE_DEBUG_INFO = NO;
				MTL_FAST_MATH = YES;
				SDKROOT = iphoneos;
				SWIFT_COMPILATION_MODE = wholemodule;
				SWIFT_OPTIMIZATION_LEVEL = "-O";
				VALIDATE_PRODUCT = YES;
			};
			name = Release;
		};
		44E776202753BC1200AF2073 /* Debug */ = {
			isa = XCBuildConfiguration;
			buildSettings = {
				ASSETCATALOG_COMPILER_APPICON_NAME = AppIcon;
				ASSETCATALOG_COMPILER_GLOBAL_ACCENT_COLOR_NAME = AccentColor;
				CODE_SIGN_STYLE = Automatic;
				CURRENT_PROJECT_VERSION = 1;
				DEVELOPMENT_TEAM = V7KJFNL42M;
				GENERATE_INFOPLIST_FILE = YES;
				INFOPLIST_FILE = Photorama/Info.plist;
				INFOPLIST_KEY_UIApplicationSupportsIndirectInputEvents = YES;
				INFOPLIST_KEY_UILaunchStoryboardName = LaunchScreen;
				INFOPLIST_KEY_UIMainStoryboardFile = Main;
				INFOPLIST_KEY_UISupportedInterfaceOrientations_iPad = "UIInterfaceOrientationPortrait UIInterfaceOrientationPortraitUpsideDown UIInterfaceOrientationLandscapeLeft UIInterfaceOrientationLandscapeRight";
				INFOPLIST_KEY_UISupportedInterfaceOrientations_iPhone = "UIInterfaceOrientationPortrait UIInterfaceOrientationLandscapeLeft UIInterfaceOrientationLandscapeRight";
				LD_RUNPATH_SEARCH_PATHS = (
					"$(inherited)",
					"@executable_path/Frameworks",
				);
				MARKETING_VERSION = 1.0;
				PRODUCT_BUNDLE_IDENTIFIER = com.class.gspearin.Photorama;
				PRODUCT_NAME = "$(TARGET_NAME)";
				SWIFT_EMIT_LOC_STRINGS = YES;
				SWIFT_VERSION = 5.0;
				TARGETED_DEVICE_FAMILY = "1,2";
			};
			name = Debug;
		};
		44E776212753BC1200AF2073 /* Release */ = {
			isa = XCBuildConfiguration;
			buildSettings = {
				ASSETCATALOG_COMPILER_APPICON_NAME = AppIcon;
				ASSETCATALOG_COMPILER_GLOBAL_ACCENT_COLOR_NAME = AccentColor;
				CODE_SIGN_STYLE = Automatic;
				CURRENT_PROJECT_VERSION = 1;
				DEVELOPMENT_TEAM = V7KJFNL42M;
				GENERATE_INFOPLIST_FILE = YES;
				INFOPLIST_FILE = Photorama/Info.plist;
				INFOPLIST_KEY_UIApplicationSupportsIndirectInputEvents = YES;
				INFOPLIST_KEY_UILaunchStoryboardName = LaunchScreen;
				INFOPLIST_KEY_UIMainStoryboardFile = Main;
				INFOPLIST_KEY_UISupportedInterfaceOrientations_iPad = "UIInterfaceOrientationPortrait UIInterfaceOrientationPortraitUpsideDown UIInterfaceOrientationLandscapeLeft UIInterfaceOrientationLandscapeRight";
				INFOPLIST_KEY_UISupportedInterfaceOrientations_iPhone = "UIInterfaceOrientationPortrait UIInterfaceOrientationLandscapeLeft UIInterfaceOrientationLandscapeRight";
				LD_RUNPATH_SEARCH_PATHS = (
					"$(inherited)",
					"@executable_path/Frameworks",
				);
				MARKETING_VERSION = 1.0;
				PRODUCT_BUNDLE_IDENTIFIER = com.class.gspearin.Photorama;
				PRODUCT_NAME = "$(TARGET_NAME)";
				SWIFT_EMIT_LOC_STRINGS = YES;
				SWIFT_VERSION = 5.0;
				TARGETED_DEVICE_FAMILY = "1,2";
			};
			name = Release;
		};
		44E776232753BC1200AF2073 /* Debug */ = {
			isa = XCBuildConfiguration;
			buildSettings = {
				ALWAYS_EMBED_SWIFT_STANDARD_LIBRARIES = YES;
				BUNDLE_LOADER = "$(TEST_HOST)";
				CODE_SIGN_STYLE = Automatic;
				CURRENT_PROJECT_VERSION = 1;
				DEVELOPMENT_TEAM = V7KJFNL42M;
				GENERATE_INFOPLIST_FILE = YES;
				IPHONEOS_DEPLOYMENT_TARGET = 15.0;
				LD_RUNPATH_SEARCH_PATHS = (
					"$(inherited)",
					"@executable_path/Frameworks",
					"@loader_path/Frameworks",
				);
				MARKETING_VERSION = 1.0;
				PRODUCT_BUNDLE_IDENTIFIER = com.class.gspearin.PhotoramaTests;
				PRODUCT_NAME = "$(TARGET_NAME)";
				SWIFT_EMIT_LOC_STRINGS = NO;
				SWIFT_VERSION = 5.0;
				TARGETED_DEVICE_FAMILY = "1,2";
				TEST_HOST = "$(BUILT_PRODUCTS_DIR)/Photorama.app/Photorama";
			};
			name = Debug;
		};
		44E776242753BC1200AF2073 /* Release */ = {
			isa = XCBuildConfiguration;
			buildSettings = {
				ALWAYS_EMBED_SWIFT_STANDARD_LIBRARIES = YES;
				BUNDLE_LOADER = "$(TEST_HOST)";
				CODE_SIGN_STYLE = Automatic;
				CURRENT_PROJECT_VERSION = 1;
				DEVELOPMENT_TEAM = V7KJFNL42M;
				GENERATE_INFOPLIST_FILE = YES;
				IPHONEOS_DEPLOYMENT_TARGET = 15.0;
				LD_RUNPATH_SEARCH_PATHS = (
					"$(inherited)",
					"@executable_path/Frameworks",
					"@loader_path/Frameworks",
				);
				MARKETING_VERSION = 1.0;
				PRODUCT_BUNDLE_IDENTIFIER = com.class.gspearin.PhotoramaTests;
				PRODUCT_NAME = "$(TARGET_NAME)";
				SWIFT_EMIT_LOC_STRINGS = NO;
				SWIFT_VERSION = 5.0;
				TARGETED_DEVICE_FAMILY = "1,2";
				TEST_HOST = "$(BUILT_PRODUCTS_DIR)/Photorama.app/Photorama";
			};
			name = Release;
		};
		44E776262753BC1200AF2073 /* Debug */ = {
			isa = XCBuildConfiguration;
			buildSettings = {
				ALWAYS_EMBED_SWIFT_STANDARD_LIBRARIES = YES;
				CODE_SIGN_STYLE = Automatic;
				CURRENT_PROJECT_VERSION = 1;
				DEVELOPMENT_TEAM = V7KJFNL42M;
				GENERATE_INFOPLIST_FILE = YES;
				LD_RUNPATH_SEARCH_PATHS = (
					"$(inherited)",
					"@executable_path/Frameworks",
					"@loader_path/Frameworks",
				);
				MARKETING_VERSION = 1.0;
				PRODUCT_BUNDLE_IDENTIFIER = com.class.gspearin.PhotoramaUITests;
				PRODUCT_NAME = "$(TARGET_NAME)";
				SWIFT_EMIT_LOC_STRINGS = NO;
				SWIFT_VERSION = 5.0;
				TARGETED_DEVICE_FAMILY = "1,2";
				TEST_TARGET_NAME = Photorama;
			};
			name = Debug;
		};
		44E776272753BC1200AF2073 /* Release */ = {
			isa = XCBuildConfiguration;
			buildSettings = {
				ALWAYS_EMBED_SWIFT_STANDARD_LIBRARIES = YES;
				CODE_SIGN_STYLE = Automatic;
				CURRENT_PROJECT_VERSION = 1;
				DEVELOPMENT_TEAM = V7KJFNL42M;
				GENERATE_INFOPLIST_FILE = YES;
				LD_RUNPATH_SEARCH_PATHS = (
					"$(inherited)",
					"@executable_path/Frameworks",
					"@loader_path/Frameworks",
				);
				MARKETING_VERSION = 1.0;
				PRODUCT_BUNDLE_IDENTIFIER = com.class.gspearin.PhotoramaUITests;
				PRODUCT_NAME = "$(TARGET_NAME)";
				SWIFT_EMIT_LOC_STRINGS = NO;
				SWIFT_VERSION = 5.0;
				TARGETED_DEVICE_FAMILY = "1,2";
				TEST_TARGET_NAME = Photorama;
			};
			name = Release;
		};
/* End XCBuildConfiguration section */

/* Begin XCConfigurationList section */
		44E775F02753BC1000AF2073 /* Build configuration list for PBXProject "Photorama" */ = {
			isa = XCConfigurationList;
			buildConfigurations = (
				44E7761D2753BC1200AF2073 /* Debug */,
				44E7761E2753BC1200AF2073 /* Release */,
			);
			defaultConfigurationIsVisible = 0;
			defaultConfigurationName = Release;
		};
		44E7761F2753BC1200AF2073 /* Build configuration list for PBXNativeTarget "Photorama" */ = {
			isa = XCConfigurationList;
			buildConfigurations = (
				44E776202753BC1200AF2073 /* Debug */,
				44E776212753BC1200AF2073 /* Release */,
			);
			defaultConfigurationIsVisible = 0;
			defaultConfigurationName = Release;
		};
		44E776222753BC1200AF2073 /* Build configuration list for PBXNativeTarget "PhotoramaTests" */ = {
			isa = XCConfigurationList;
			buildConfigurations = (
				44E776232753BC1200AF2073 /* Debug */,
				44E776242753BC1200AF2073 /* Release */,
			);
			defaultConfigurationIsVisible = 0;
			defaultConfigurationName = Release;
		};
		44E776252753BC1200AF2073 /* Build configuration list for PBXNativeTarget "PhotoramaUITests" */ = {
			isa = XCConfigurationList;
			buildConfigurations = (
				44E776262753BC1200AF2073 /* Debug */,
				44E776272753BC1200AF2073 /* Release */,
			);
			defaultConfigurationIsVisible = 0;
			defaultConfigurationName = Release;
		};
/* End XCConfigurationList section */
	};
	rootObject = 44E775ED2753BC1000AF2073 /* Project object */;
}
